// !$*UTF8*$!
{
	archiveVersion = 1;
	classes = {
	};
	objectVersion = 46;
	objects = {

/* Begin PBXBuildFile section */
		961669B01BFF7D490057AEE7 /* AppDelegate.swift in Sources */ = {isa = PBXBuildFile; fileRef = 961669AF1BFF7D490057AEE7 /* AppDelegate.swift */; };
		961669B21BFF7D490057AEE7 /* ViewController.swift in Sources */ = {isa = PBXBuildFile; fileRef = 961669B11BFF7D490057AEE7 /* ViewController.swift */; };
		961669B51BFF7D490057AEE7 /* Main.storyboard in Resources */ = {isa = PBXBuildFile; fileRef = 961669B31BFF7D490057AEE7 /* Main.storyboard */; };
		961669B71BFF7D490057AEE7 /* Assets.xcassets in Resources */ = {isa = PBXBuildFile; fileRef = 961669B61BFF7D490057AEE7 /* Assets.xcassets */; };
		961669BA1BFF7D490057AEE7 /* LaunchScreen.storyboard in Resources */ = {isa = PBXBuildFile; fileRef = 961669B81BFF7D490057AEE7 /* LaunchScreen.storyboard */; };
		961669C21BFF7DAD0057AEE7 /* CustomView.swift in Sources */ = {isa = PBXBuildFile; fileRef = 961669C11BFF7DAD0057AEE7 /* CustomView.swift */; };
/* End PBXBuildFile section */

/* Begin PBXFileReference section */
		961669AC1BFF7D490057AEE7 /* LayoutDuringDynamics.app */ = {isa = PBXFileReference; explicitFileType = wrapper.application; includeInIndex = 0; path = LayoutDuringDynamics.app; sourceTree = BUILT_PRODUCTS_DIR; };
		961669AF1BFF7D490057AEE7 /* AppDelegate.swift */ = {isa = PBXFileReference; lastKnownFileType = sourcecode.swift; path = AppDelegate.swift; sourceTree = "<group>"; };
		961669B11BFF7D490057AEE7 /* ViewController.swift */ = {isa = PBXFileReference; lastKnownFileType = sourcecode.swift; path = ViewController.swift; sourceTree = "<group>"; };
		961669B41BFF7D490057AEE7 /* Base */ = {isa = PBXFileReference; lastKnownFileType = file.storyboard; name = Base; path = Base.lproj/Main.storyboard; sourceTree = "<group>"; };
		961669B61BFF7D490057AEE7 /* Assets.xcassets */ = {isa = PBXFileReference; lastKnownFileType = folder.assetcatalog; path = Assets.xcassets; sourceTree = "<group>"; };
		961669B91BFF7D490057AEE7 /* Base */ = {isa = PBXFileReference; lastKnownFileType = file.storyboard; name = Base; path = Base.lproj/LaunchScreen.storyboard; sourceTree = "<group>"; };
		961669BB1BFF7D490057AEE7 /* Info.plist */ = {isa = PBXFileReference; lastKnownFileType = text.plist.xml; path = Info.plist; sourceTree = "<group>"; };
		961669C11BFF7DAD0057AEE7 /* CustomView.swift */ = {isa = PBXFileReference; fileEncoding = 4; lastKnownFileType = sourcecode.swift; path = CustomView.swift; sourceTree = "<group>"; };
/* End PBXFileReference section */

/* Begin PBXFrameworksBuildPhase section */
		961669A91BFF7D490057AEE7 /* Frameworks */ = {
			isa = PBXFrameworksBuildPhase;
			buildActionMask = 2147483647;
			files = (
			);
			runOnlyForDeploymentPostprocessing = 0;
		};
/* End PBXFrameworksBuildPhase section */

/* Begin PBXGroup section */
		961669A31BFF7D490057AEE7 = {
			isa = PBXGroup;
			children = (
				961669AE1BFF7D490057AEE7 /* LayoutDuringDynamics */,
				961669AD1BFF7D490057AEE7 /* Products */,
			);
			sourceTree = "<group>";
		};
		961669AD1BFF7D490057AEE7 /* Products */ = {
			isa = PBXGroup;
			children = (
				961669AC1BFF7D490057AEE7 /* LayoutDuringDynamics.app */,
			);
			name = Products;
			sourceTree = "<group>";
		};
		961669AE1BFF7D490057AEE7 /* LayoutDuringDynamics */ = {
			isa = PBXGroup;
			children = (
				961669AF1BFF7D490057AEE7 /* AppDelegate.swift */,
				961669B11BFF7D490057AEE7 /* ViewController.swift */,
				961669B31BFF7D490057AEE7 /* Main.storyboard */,
				961669B61BFF7D490057AEE7 /* Assets.xcassets */,
				961669B81BFF7D490057AEE7 /* LaunchScreen.storyboard */,
				961669BB1BFF7D490057AEE7 /* Info.plist */,
				961669C11BFF7DAD0057AEE7 /* CustomView.swift */,
			);
			path = LayoutDuringDynamics;
			sourceTree = "<group>";
		};
/* End PBXGroup section */

/* Begin PBXNativeTarget section */
		961669AB1BFF7D490057AEE7 /* LayoutDuringDynamics */ = {
			isa = PBXNativeTarget;
			buildConfigurationList = 961669BE1BFF7D490057AEE7 /* Build configuration list for PBXNativeTarget "LayoutDuringDynamics" */;
			buildPhases = (
				961669A81BFF7D490057AEE7 /* Sources */,
				961669A91BFF7D490057AEE7 /* Frameworks */,
				961669AA1BFF7D490057AEE7 /* Resources */,
			);
			buildRules = (
			);
			dependencies = (
			);
			name = LayoutDuringDynamics;
			productName = LayoutDuringDynamics;
			productReference = 961669AC1BFF7D490057AEE7 /* LayoutDuringDynamics.app */;
			productType = "com.apple.product-type.application";
		};
/* End PBXNativeTarget section */

/* Begin PBXProject section */
		961669A41BFF7D490057AEE7 /* Project object */ = {
			isa = PBXProject;
			attributes = {
				LastSwiftUpdateCheck = 0710;
				LastUpgradeCheck = 0710;
				ORGANIZATIONNAME = "Dov Frankel";
				TargetAttributes = {
					961669AB1BFF7D490057AEE7 = {
						CreatedOnToolsVersion = 7.1.1;
					};
				};
			};
			buildConfigurationList = 961669A71BFF7D490057AEE7 /* Build configuration list for PBXProject "LayoutDuringDynamics" */;
			compatibilityVersion = "Xcode 3.2";
			developmentRegion = English;
			hasScannedForEncodings = 0;
			knownRegions = (
				en,
				Base,
			);
			mainGroup = 961669A31BFF7D490057AEE7;
			productRefGroup = 961669AD1BFF7D490057AEE7 /* Products */;
			projectDirPath = "";
			projectRoot = "";
			targets = (
				961669AB1BFF7D490057AEE7 /* LayoutDuringDynamics */,
			);
		};
/* End PBXProject section */

/* Begin PBXResourcesBuildPhase section */
		961669AA1BFF7D490057AEE7 /* Resources */ = {
			isa = PBXResourcesBuildPhase;
			buildActionMask = 2147483647;
			files = (
				961669BA1BFF7D490057AEE7 /* LaunchScreen.storyboard in Resources */,
				961669B71BFF7D490057AEE7 /* Assets.xcassets in Resources */,
				961669B51BFF7D490057AEE7 /* Main.storyboard in Resources */,
			);
			runOnlyForDeploymentPostprocessing = 0;
		};
/* End PBXResourcesBuildPhase section */

/* Begin PBXSourcesBuildPhase section */
		961669A81BFF7D490057AEE7 /* Sources */ = {
			isa = PBXSourcesBuildPhase;
			buildActionMask = 2147483647;
			files = (
				961669C21BFF7DAD0057AEE7 /* CustomView.swift in Sources */,
				961669B21BFF7D490057AEE7 /* ViewController.swift in Sources */,
				961669B01BFF7D490057AEE7 /* AppDelegate.swift in Sources */,
			);
			runOnlyForDeploymentPostprocessing = 0;
		};
/* End PBXSourcesBuildPhase section */

/* Begin PBXVariantGroup section */
		961669B31BFF7D490057AEE7 /* Main.storyboard */ = {
			isa = PBXVariantGroup;
			children = (
				961669B41BFF7D490057AEE7 /* Base */,
			);
			name = Main.storyboard;
			sourceTree = "<group>";
		};
		961669B81BFF7D490057AEE7 /* LaunchScreen.storyboard */ = {
			isa = PBXVariantGroup;
			children = (
				961669B91BFF7D490057AEE7 /* Base */,
			);
			name = LaunchScreen.storyboard;
			sourceTree = "<group>";
		};
/* End PBXVariantGroup section */

/* Begin XCBuildConfiguration section */
		961669BC1BFF7D490057AEE7 /* Debug */ = {
			isa = XCBuildConfiguration;
			buildSettings = {
				ALWAYS_SEARCH_USER_PATHS = NO;
				CLANG_CXX_LANGUAGE_STANDARD = "gnu++0x";
				CLANG_CXX_LIBRARY = "libc++";
				CLANG_ENABLE_MODULES = YES;
				CLANG_ENABLE_OBJC_ARC = YES;
				CLANG_WARN_BOOL_CONVERSION = YES;
				CLANG_WARN_CONSTANT_CONVERSION = YES;
				CLANG_WARN_DIRECT_OBJC_ISA_USAGE = YES_ERROR;
				CLANG_WARN_EMPTY_BODY = YES;
				CLANG_WARN_ENUM_CONVERSION = YES;
				CLANG_WARN_INT_CONVERSION = YES;
				CLANG_WARN_OBJC_ROOT_CLASS = YES_ERROR;
				CLANG_WARN_UNREACHABLE_CODE = YES;
				CLANG_WARN__DUPLICATE_METHOD_MATCH = YES;
				"CODE_SIGN_IDENTITY[sdk=iphoneos*]" = "iPhone Developer";
				COPY_PHASE_STRIP = NO;
				DEBUG_INFORMATION_FORMAT = dwarf;
				ENABLE_STRICT_OBJC_MSGSEND = YES;
				ENABLE_TESTABILITY = YES;
				GCC_C_LANGUAGE_STANDARD = gnu99;
				GCC_DYNAMIC_NO_PIC = NO;
				GCC_NO_COMMON_BLOCKS = YES;
				GCC_OPTIMIZATION_LEVEL = 0;
				GCC_PREPROCESSOR_DEFINITIONS = (
					"DEBUG=1",
					"$(inherited)",
				);
				GCC_WARN_64_TO_32_BIT_CONVERSION = YES;
				GCC_WARN_ABOUT_RETURN_TYPE = YES_ERROR;
				GCC_WARN_UNDECLARED_SELECTOR = YES;
				GCC_WARN_UNINITIALIZED_AUTOS = YES_AGGRESSIVE;
				GCC_WARN_UNUSED_FUNCTION = YES;
				GCC_WARN_UNUSED_VARIABLE = YES;
				IPHONEOS_DEPLOYMENT_TARGET = 9.1;
				MTL_ENABLE_DEBUG_INFO = YES;
				ONLY_ACTIVE_ARCH = YES;
				SDKROOT = iphoneos;
				SWIFT_OPTIMIZATION_LEVEL = "-Onone";
			};
			name = Debug;
		};
		961669BD1BFF7D490057AEE7 /* Release */ = {
			isa = XCBuildConfiguration;
			buildSettings = {
				ALWAYS_SEARCH_USER_PATHS = NO;
				CLANG_CXX_LANGUAGE_STANDARD = "gnu++0x";
				CLANG_CXX_LIBRARY = "libc++";
				CLANG_ENABLE_MODULES = YES;
				CLANG_ENABLE_OBJC_ARC = YES;
				CLANG_WARN_BOOL_CONVERSION = YES;
				CLANG_WARN_CONSTANT_CONVERSION = YES;
				CLANG_WARN_DIRECT_OBJC_ISA_USAGE = YES_ERROR;
				CLANG_WARN_EMPTY_BODY = YES;
				CLANG_WARN_ENUM_CONVERSION = YES;
				CLANG_WARN_INT_CONVERSION = YES;
				CLANG_WARN_OBJC_ROOT_CLASS = YES_ERROR;
				CLANG_WARN_UNREACHABLE_CODE = YES;
				CLANG_WARN__DUPLICATE_METHOD_MATCH = YES;
				"CODE_SIGN_IDENTITY[sdk=iphoneos*]" = "iPhone Developer";
				COPY_PHASE_STRIP = NO;
				DEBUG_INFORMATION_FORMAT = "dwarf-with-dsym";
				ENABLE_NS_ASSERTIONS = NO;
				ENABLE_STRICT_OBJC_MSGSEND = YES;
				GCC_C_LANGUAGE_STANDARD = gnu99;
				GCC_NO_COMMON_BLOCKS = YES;
				GCC_WARN_64_TO_32_BIT_CONVERSION = YES;
				GCC_WARN_ABOUT_RETURN_TYPE = YES_ERROR;
				GCC_WARN_UNDECLARED_SELECTOR = YES;
				GCC_WARN_UNINITIALIZED_AUTOS = YES_AGGRESSIVE;
				GCC_WARN_UNUSED_FUNCTION = YES;
				GCC_WARN_UNUSED_VARIABLE = YES;
				IPHONEOS_DEPLOYMENT_TARGET = 9.1;
				MTL_ENABLE_DEBUG_INFO = NO;
				SDKROOT = iphoneos;
				VALIDATE_PRODUCT = YES;
			};
			name = Release;
		};
		961669BF1BFF7D490057AEE7 /* Debug */ = {
			isa = XCBuildConfiguration;
			buildSettings = {
				ASSETCATALOG_COMPILER_APPICON_NAME = AppIcon;
				INFOPLIST_FILE = LayoutDuringDynamics/Info.plist;
				LD_RUNPATH_SEARCH_PATHS = "$(inherited) @executable_path/Frameworks";
				PRODUCT_BUNDLE_IDENTIFIER = "com.abbey-code.LayoutDuringDynamics";
				PRODUCT_NAME = "$(TARGET_NAME)";
			};
			name = Debug;
		};
		961669C01BFF7D490057AEE7 /* Release */ = {
			isa = XCBuildConfiguration;
			buildSettings = {
				ASSETCATALOG_COMPILER_APPICON_NAME = AppIcon;
				INFOPLIST_FILE = LayoutDuringDynamics/Info.plist;
				LD_RUNPATH_SEARCH_PATHS = "$(inherited) @executable_path/Frameworks";
				PRODUCT_BUNDLE_IDENTIFIER = "com.abbey-code.LayoutDuringDynamics";
				PRODUCT_NAME = "$(TARGET_NAME)";
			};
			name = Release;
		};
/* End XCBuildConfiguration section */

/* Begin XCConfigurationList section */
		961669A71BFF7D490057AEE7 /* Build configuration list for PBXProject "LayoutDuringDynamics" */ = {
			isa = XCConfigurationList;
			buildConfigurations = (
				961669BC1BFF7D490057AEE7 /* Debug */,
				961669BD1BFF7D490057AEE7 /* Release */,
			);
			defaultConfigurationIsVisible = 0;
			defaultConfigurationName = Release;
		};
		961669BE1BFF7D490057AEE7 /* Build configuration list for PBXNativeTarget "LayoutDuringDynamics" */ = {
			isa = XCConfigurationList;
			buildConfigurations = (
				961669BF1BFF7D490057AEE7 /* Debug */,
				961669C01BFF7D490057AEE7 /* Release */,
			);
			defaultConfigurationIsVisible = 0;
		};
/* End XCConfigurationList section */
	};
	rootObject = 961669A41BFF7D490057AEE7 /* Project object */;
}
